// !$*UTF8*$!
{
	archiveVersion = 1;
	classes = {
	};
	objectVersion = 77;
	objects = {

/* Begin PBXBuildFile section */
		C44BAD922DD6F520001E8A53 /* SavedSettings+CoreDataProperties.swift in Sources */ = {isa = PBXBuildFile; fileRef = C44BAD912DD6F520001E8A53 /* SavedSettings+CoreDataProperties.swift */; };
		C44BAD932DD6F520001E8A53 /* SavedSettings+CoreDataClass.swift in Sources */ = {isa = PBXBuildFile; fileRef = C44BAD902DD6F520001E8A53 /* SavedSettings+CoreDataClass.swift */; };
/* End PBXBuildFile section */

/* Begin PBXContainerItemProxy section */
		C4F253972D8BB34A00C4366D /* PBXContainerItemProxy */ = {
			isa = PBXContainerItemProxy;
			containerPortal = C4F253792D8BB34500C4366D /* Project object */;
			proxyType = 1;
			remoteGlobalIDString = C4F253802D8BB34500C4366D;
			remoteInfo = GroceryTracka;
		};
		C4F253A12D8BB34A00C4366D /* PBXContainerItemProxy */ = {
			isa = PBXContainerItemProxy;
			containerPortal = C4F253792D8BB34500C4366D /* Project object */;
			proxyType = 1;
			remoteGlobalIDString = C4F253802D8BB34500C4366D;
			remoteInfo = GroceryTracka;
		};
/* End PBXContainerItemProxy section */

/* Begin PBXFileReference section */
		C44BAD902DD6F520001E8A53 /* SavedSettings+CoreDataClass.swift */ = {isa = PBXFileReference; lastKnownFileType = sourcecode.swift; path = "SavedSettings+CoreDataClass.swift"; sourceTree = "<group>"; };
		C44BAD912DD6F520001E8A53 /* SavedSettings+CoreDataProperties.swift */ = {isa = PBXFileReference; lastKnownFileType = sourcecode.swift; path = "SavedSettings+CoreDataProperties.swift"; sourceTree = "<group>"; };
		C4F253812D8BB34500C4366D /* GroceryTracka.app */ = {isa = PBXFileReference; explicitFileType = wrapper.application; includeInIndex = 0; path = GroceryTracka.app; sourceTree = BUILT_PRODUCTS_DIR; };
		C4F253962D8BB34A00C4366D /* GroceryTrackaTests.xctest */ = {isa = PBXFileReference; explicitFileType = wrapper.cfbundle; includeInIndex = 0; path = GroceryTrackaTests.xctest; sourceTree = BUILT_PRODUCTS_DIR; };
		C4F253A02D8BB34A00C4366D /* GroceryTrackaUITests.xctest */ = {isa = PBXFileReference; explicitFileType = wrapper.cfbundle; includeInIndex = 0; path = GroceryTrackaUITests.xctest; sourceTree = BUILT_PRODUCTS_DIR; };
/* End PBXFileReference section */

/* Begin PBXFileSystemSynchronizedRootGroup section */
		C4F253832D8BB34500C4366D /* GroceryTracka */ = {
			isa = PBXFileSystemSynchronizedRootGroup;
			path = GroceryTracka;
			sourceTree = "<group>";
		};
		C4F253992D8BB34A00C4366D /* GroceryTrackaTests */ = {
			isa = PBXFileSystemSynchronizedRootGroup;
			path = GroceryTrackaTests;
			sourceTree = "<group>";
		};
		C4F253A32D8BB34A00C4366D /* GroceryTrackaUITests */ = {
			isa = PBXFileSystemSynchronizedRootGroup;
			path = GroceryTrackaUITests;
			sourceTree = "<group>";
		};
/* End PBXFileSystemSynchronizedRootGroup section */

/* Begin PBXFrameworksBuildPhase section */
		C4F2537E2D8BB34500C4366D /* Frameworks */ = {
			isa = PBXFrameworksBuildPhase;
			buildActionMask = 2147483647;
			files = (
			);
			runOnlyForDeploymentPostprocessing = 0;
		};
		C4F253932D8BB34A00C4366D /* Frameworks */ = {
			isa = PBXFrameworksBuildPhase;
			buildActionMask = 2147483647;
			files = (
			);
			runOnlyForDeploymentPostprocessing = 0;
		};
		C4F2539D2D8BB34A00C4366D /* Frameworks */ = {
			isa = PBXFrameworksBuildPhase;
			buildActionMask = 2147483647;
			files = (
			);
			runOnlyForDeploymentPostprocessing = 0;
		};
/* End PBXFrameworksBuildPhase section */

/* Begin PBXGroup section */
		C4F253782D8BB34500C4366D = {
			isa = PBXGroup;
			children = (
				C44BAD902DD6F520001E8A53 /* SavedSettings+CoreDataClass.swift */,
				C44BAD912DD6F520001E8A53 /* SavedSettings+CoreDataProperties.swift */,
				C4F253832D8BB34500C4366D /* GroceryTracka */,
				C4F253992D8BB34A00C4366D /* GroceryTrackaTests */,
				C4F253A32D8BB34A00C4366D /* GroceryTrackaUITests */,
				C4F253822D8BB34500C4366D /* Products */,
			);
			sourceTree = "<group>";
		};
		C4F253822D8BB34500C4366D /* Products */ = {
			isa = PBXGroup;
			children = (
				C4F253812D8BB34500C4366D /* GroceryTracka.app */,
				C4F253962D8BB34A00C4366D /* GroceryTrackaTests.xctest */,
				C4F253A02D8BB34A00C4366D /* GroceryTrackaUITests.xctest */,
			);
			name = Products;
			sourceTree = "<group>";
		};
/* End PBXGroup section */

/* Begin PBXNativeTarget section */
		C4F253802D8BB34500C4366D /* GroceryTracka */ = {
			isa = PBXNativeTarget;
			buildConfigurationList = C4F253AA2D8BB34A00C4366D /* Build configuration list for PBXNativeTarget "GroceryTracka" */;
			buildPhases = (
				C4F2537D2D8BB34500C4366D /* Sources */,
				C4F2537E2D8BB34500C4366D /* Frameworks */,
				C4F2537F2D8BB34500C4366D /* Resources */,
			);
			buildRules = (
			);
			dependencies = (
			);
			fileSystemSynchronizedGroups = (
				C4F253832D8BB34500C4366D /* GroceryTracka */,
			);
			name = GroceryTracka;
			packageProductDependencies = (
			);
			productName = GroceryTracka;
			productReference = C4F253812D8BB34500C4366D /* GroceryTracka.app */;
			productType = "com.apple.product-type.application";
		};
		C4F253952D8BB34A00C4366D /* GroceryTrackaTests */ = {
			isa = PBXNativeTarget;
			buildConfigurationList = C4F253AD2D8BB34A00C4366D /* Build configuration list for PBXNativeTarget "GroceryTrackaTests" */;
			buildPhases = (
				C4F253922D8BB34A00C4366D /* Sources */,
				C4F253932D8BB34A00C4366D /* Frameworks */,
				C4F253942D8BB34A00C4366D /* Resources */,
			);
			buildRules = (
			);
			dependencies = (
				C4F253982D8BB34A00C4366D /* PBXTargetDependency */,
			);
			fileSystemSynchronizedGroups = (
				C4F253992D8BB34A00C4366D /* GroceryTrackaTests */,
			);
			name = GroceryTrackaTests;
			packageProductDependencies = (
			);
			productName = GroceryTrackaTests;
			productReference = C4F253962D8BB34A00C4366D /* GroceryTrackaTests.xctest */;
			productType = "com.apple.product-type.bundle.unit-test";
		};
		C4F2539F2D8BB34A00C4366D /* GroceryTrackaUITests */ = {
			isa = PBXNativeTarget;
			buildConfigurationList = C4F253B02D8BB34A00C4366D /* Build configuration list for PBXNativeTarget "GroceryTrackaUITests" */;
			buildPhases = (
				C4F2539C2D8BB34A00C4366D /* Sources */,
				C4F2539D2D8BB34A00C4366D /* Frameworks */,
				C4F2539E2D8BB34A00C4366D /* Resources */,
			);
			buildRules = (
			);
			dependencies = (
				C4F253A22D8BB34A00C4366D /* PBXTargetDependency */,
			);
			fileSystemSynchronizedGroups = (
				C4F253A32D8BB34A00C4366D /* GroceryTrackaUITests */,
			);
			name = GroceryTrackaUITests;
			packageProductDependencies = (
			);
			productName = GroceryTrackaUITests;
			productReference = C4F253A02D8BB34A00C4366D /* GroceryTrackaUITests.xctest */;
			productType = "com.apple.product-type.bundle.ui-testing";
		};
/* End PBXNativeTarget section */

/* Begin PBXProject section */
		C4F253792D8BB34500C4366D /* Project object */ = {
			isa = PBXProject;
			attributes = {
				BuildIndependentTargetsInParallel = 1;
				LastSwiftUpdateCheck = 1620;
				LastUpgradeCheck = 1620;
				TargetAttributes = {
					C4F253802D8BB34500C4366D = {
						CreatedOnToolsVersion = 16.2;
					};
					C4F253952D8BB34A00C4366D = {
						CreatedOnToolsVersion = 16.2;
						TestTargetID = C4F253802D8BB34500C4366D;
					};
					C4F2539F2D8BB34A00C4366D = {
						CreatedOnToolsVersion = 16.2;
						TestTargetID = C4F253802D8BB34500C4366D;
					};
				};
			};
			buildConfigurationList = C4F2537C2D8BB34500C4366D /* Build configuration list for PBXProject "GroceryTracka" */;
			developmentRegion = en;
			hasScannedForEncodings = 0;
			knownRegions = (
				en,
				Base,
			);
			mainGroup = C4F253782D8BB34500C4366D;
			minimizedProjectReferenceProxies = 1;
			preferredProjectObjectVersion = 77;
			productRefGroup = C4F253822D8BB34500C4366D /* Products */;
			projectDirPath = "";
			projectRoot = "";
			targets = (
				C4F253802D8BB34500C4366D /* GroceryTracka */,
				C4F253952D8BB34A00C4366D /* GroceryTrackaTests */,
				C4F2539F2D8BB34A00C4366D /* GroceryTrackaUITests */,
			);
		};
/* End PBXProject section */

/* Begin PBXResourcesBuildPhase section */
		C4F2537F2D8BB34500C4366D /* Resources */ = {
			isa = PBXResourcesBuildPhase;
			buildActionMask = 2147483647;
			files = (
			);
			runOnlyForDeploymentPostprocessing = 0;
		};
		C4F253942D8BB34A00C4366D /* Resources */ = {
			isa = PBXResourcesBuildPhase;
			buildActionMask = 2147483647;
			files = (
			);
			runOnlyForDeploymentPostprocessing = 0;
		};
		C4F2539E2D8BB34A00C4366D /* Resources */ = {
			isa = PBXResourcesBuildPhase;
			buildActionMask = 2147483647;
			files = (
			);
			runOnlyForDeploymentPostprocessing = 0;
		};
/* End PBXResourcesBuildPhase section */

/* Begin PBXSourcesBuildPhase section */
		C4F2537D2D8BB34500C4366D /* Sources */ = {
			isa = PBXSourcesBuildPhase;
			buildActionMask = 2147483647;
			files = (
				C44BAD922DD6F520001E8A53 /* SavedSettings+CoreDataProperties.swift in Sources */,
				C44BAD932DD6F520001E8A53 /* SavedSettings+CoreDataClass.swift in Sources */,
			);
			runOnlyForDeploymentPostprocessing = 0;
		};
		C4F253922D8BB34A00C4366D /* Sources */ = {
			isa = PBXSourcesBuildPhase;
			buildActionMask = 2147483647;
			files = (
			);
			runOnlyForDeploymentPostprocessing = 0;
		};
		C4F2539C2D8BB34A00C4366D /* Sources */ = {
			isa = PBXSourcesBuildPhase;
			buildActionMask = 2147483647;
			files = (
			);
			runOnlyForDeploymentPostprocessing = 0;
		};
/* End PBXSourcesBuildPhase section */

/* Begin PBXTargetDependency section */
		C4F253982D8BB34A00C4366D /* PBXTargetDependency */ = {
			isa = PBXTargetDependency;
			target = C4F253802D8BB34500C4366D /* GroceryTracka */;
			targetProxy = C4F253972D8BB34A00C4366D /* PBXContainerItemProxy */;
		};
		C4F253A22D8BB34A00C4366D /* PBXTargetDependency */ = {
			isa = PBXTargetDependency;
			target = C4F253802D8BB34500C4366D /* GroceryTracka */;
			targetProxy = C4F253A12D8BB34A00C4366D /* PBXContainerItemProxy */;
		};
/* End PBXTargetDependency section */

/* Begin XCBuildConfiguration section */
		C4F253A82D8BB34A00C4366D /* Debug */ = {
			isa = XCBuildConfiguration;
			buildSettings = {
				ALWAYS_SEARCH_USER_PATHS = NO;
				ASSETCATALOG_COMPILER_GENERATE_SWIFT_ASSET_SYMBOL_EXTENSIONS = YES;
				CLANG_ANALYZER_NONNULL = YES;
				CLANG_ANALYZER_NUMBER_OBJECT_CONVERSION = YES_AGGRESSIVE;
				CLANG_CXX_LANGUAGE_STANDARD = "gnu++20";
				CLANG_ENABLE_MODULES = YES;
				CLANG_ENABLE_OBJC_ARC = YES;
				CLANG_ENABLE_OBJC_WEAK = YES;
				CLANG_WARN_BLOCK_CAPTURE_AUTORELEASING = YES;
				CLANG_WARN_BOOL_CONVERSION = YES;
				CLANG_WARN_COMMA = YES;
				CLANG_WARN_CONSTANT_CONVERSION = YES;
				CLANG_WARN_DEPRECATED_OBJC_IMPLEMENTATIONS = YES;
				CLANG_WARN_DIRECT_OBJC_ISA_USAGE = YES_ERROR;
				CLANG_WARN_DOCUMENTATION_COMMENTS = YES;
				CLANG_WARN_EMPTY_BODY = YES;
				CLANG_WARN_ENUM_CONVERSION = YES;
				CLANG_WARN_INFINITE_RECURSION = YES;
				CLANG_WARN_INT_CONVERSION = YES;
				CLANG_WARN_NON_LITERAL_NULL_CONVERSION = YES;
				CLANG_WARN_OBJC_IMPLICIT_RETAIN_SELF = YES;
				CLANG_WARN_OBJC_LITERAL_CONVERSION = YES;
				CLANG_WARN_OBJC_ROOT_CLASS = YES_ERROR;
				CLANG_WARN_QUOTED_INCLUDE_IN_FRAMEWORK_HEADER = YES;
				CLANG_WARN_RANGE_LOOP_ANALYSIS = YES;
				CLANG_WARN_STRICT_PROTOTYPES = YES;
				CLANG_WARN_SUSPICIOUS_MOVE = YES;
				CLANG_WARN_UNGUARDED_AVAILABILITY = YES_AGGRESSIVE;
				CLANG_WARN_UNREACHABLE_CODE = YES;
				CLANG_WARN__DUPLICATE_METHOD_MATCH = YES;
				COPY_PHASE_STRIP = NO;
				DEBUG_INFORMATION_FORMAT = dwarf;
				ENABLE_STRICT_OBJC_MSGSEND = YES;
				ENABLE_TESTABILITY = YES;
				ENABLE_USER_SCRIPT_SANDBOXING = YES;
				GCC_C_LANGUAGE_STANDARD = gnu17;
				GCC_DYNAMIC_NO_PIC = NO;
				GCC_NO_COMMON_BLOCKS = YES;
				GCC_OPTIMIZATION_LEVEL = 0;
				GCC_PREPROCESSOR_DEFINITIONS = (
					"DEBUG=1",
					"$(inherited)",
				);
				GCC_WARN_64_TO_32_BIT_CONVERSION = YES;
				GCC_WARN_ABOUT_RETURN_TYPE = YES_ERROR;
				GCC_WARN_UNDECLARED_SELECTOR = YES;
				GCC_WARN_UNINITIALIZED_AUTOS = YES_AGGRESSIVE;
				GCC_WARN_UNUSED_FUNCTION = YES;
				GCC_WARN_UNUSED_VARIABLE = YES;
				IPHONEOS_DEPLOYMENT_TARGET = 18.2;
				LOCALIZATION_PREFERS_STRING_CATALOGS = YES;
				MTL_ENABLE_DEBUG_INFO = INCLUDE_SOURCE;
				MTL_FAST_MATH = YES;
				ONLY_ACTIVE_ARCH = YES;
				SDKROOT = iphoneos;
				SWIFT_ACTIVE_COMPILATION_CONDITIONS = "DEBUG $(inherited)";
				SWIFT_OPTIMIZATION_LEVEL = "-Onone";
			};
			name = Debug;
		};
		C4F253A92D8BB34A00C4366D /* Release */ = {
			isa = XCBuildConfiguration;
			buildSettings = {
				ALWAYS_SEARCH_USER_PATHS = NO;
				ASSETCATALOG_COMPILER_GENERATE_SWIFT_ASSET_SYMBOL_EXTENSIONS = YES;
				CLANG_ANALYZER_NONNULL = YES;
				CLANG_ANALYZER_NUMBER_OBJECT_CONVERSION = YES_AGGRESSIVE;
				CLANG_CXX_LANGUAGE_STANDARD = "gnu++20";
				CLANG_ENABLE_MODULES = YES;
				CLANG_ENABLE_OBJC_ARC = YES;
				CLANG_ENABLE_OBJC_WEAK = YES;
				CLANG_WARN_BLOCK_CAPTURE_AUTORELEASING = YES;
				CLANG_WARN_BOOL_CONVERSION = YES;
				CLANG_WARN_COMMA = YES;
				CLANG_WARN_CONSTANT_CONVERSION = YES;
				CLANG_WARN_DEPRECATED_OBJC_IMPLEMENTATIONS = YES;
				CLANG_WARN_DIRECT_OBJC_ISA_USAGE = YES_ERROR;
				CLANG_WARN_DOCUMENTATION_COMMENTS = YES;
				CLANG_WARN_EMPTY_BODY = YES;
				CLANG_WARN_ENUM_CONVERSION = YES;
				CLANG_WARN_INFINITE_RECURSION = YES;
				CLANG_WARN_INT_CONVERSION = YES;
				CLANG_WARN_NON_LITERAL_NULL_CONVERSION = YES;
				CLANG_WARN_OBJC_IMPLICIT_RETAIN_SELF = YES;
				CLANG_WARN_OBJC_LITERAL_CONVERSION = YES;
				CLANG_WARN_OBJC_ROOT_CLASS = YES_ERROR;
				CLANG_WARN_QUOTED_INCLUDE_IN_FRAMEWORK_HEADER = YES;
				CLANG_WARN_RANGE_LOOP_ANALYSIS = YES;
				CLANG_WARN_STRICT_PROTOTYPES = YES;
				CLANG_WARN_SUSPICIOUS_MOVE = YES;
				CLANG_WARN_UNGUARDED_AVAILABILITY = YES_AGGRESSIVE;
				CLANG_WARN_UNREACHABLE_CODE = YES;
				CLANG_WARN__DUPLICATE_METHOD_MATCH = YES;
				COPY_PHASE_STRIP = NO;
				DEBUG_INFORMATION_FORMAT = "dwarf-with-dsym";
				ENABLE_NS_ASSERTIONS = NO;
				ENABLE_STRICT_OBJC_MSGSEND = YES;
				ENABLE_USER_SCRIPT_SANDBOXING = YES;
				GCC_C_LANGUAGE_STANDARD = gnu17;
				GCC_NO_COMMON_BLOCKS = YES;
				GCC_WARN_64_TO_32_BIT_CONVERSION = YES;
				GCC_WARN_ABOUT_RETURN_TYPE = YES_ERROR;
				GCC_WARN_UNDECLARED_SELECTOR = YES;
				GCC_WARN_UNINITIALIZED_AUTOS = YES_AGGRESSIVE;
				GCC_WARN_UNUSED_FUNCTION = YES;
				GCC_WARN_UNUSED_VARIABLE = YES;
				IPHONEOS_DEPLOYMENT_TARGET = 18.2;
				LOCALIZATION_PREFERS_STRING_CATALOGS = YES;
				MTL_ENABLE_DEBUG_INFO = NO;
				MTL_FAST_MATH = YES;
				SDKROOT = iphoneos;
				SWIFT_COMPILATION_MODE = wholemodule;
				VALIDATE_PRODUCT = YES;
			};
			name = Release;
		};
		C4F253AB2D8BB34A00C4366D /* Debug */ = {
			isa = XCBuildConfiguration;
			buildSettings = {
				ASSETCATALOG_COMPILER_APPICON_NAME = AppIcon;
				ASSETCATALOG_COMPILER_GLOBAL_ACCENT_COLOR_NAME = AccentColor;
				CODE_SIGN_STYLE = Automatic;
				CURRENT_PROJECT_VERSION = 1;
				DEVELOPMENT_ASSET_PATHS = "\"GroceryTracka/Preview Content\"";
				ENABLE_PREVIEWS = YES;
				GENERATE_INFOPLIST_FILE = YES;
				INFOPLIST_KEY_UIApplicationSceneManifest_Generation = YES;
				INFOPLIST_KEY_UIApplicationSupportsIndirectInputEvents = YES;
				INFOPLIST_KEY_UILaunchScreen_Generation = YES;
				INFOPLIST_KEY_UISupportedInterfaceOrientations_iPad = "UIInterfaceOrientationPortrait UIInterfaceOrientationPortraitUpsideDown UIInterfaceOrientationLandscapeLeft UIInterfaceOrientationLandscapeRight";
				INFOPLIST_KEY_UISupportedInterfaceOrientations_iPhone = "UIInterfaceOrientationPortrait UIInterfaceOrientationLandscapeLeft UIInterfaceOrientationLandscapeRight";
				LD_RUNPATH_SEARCH_PATHS = (
					"$(inherited)",
					"@executable_path/Frameworks",
				);
				MARKETING_VERSION = 1.0;
				PRODUCT_BUNDLE_IDENTIFIER = GroceryTracka.GroceryTracka;
				PRODUCT_NAME = "$(TARGET_NAME)";
				SWIFT_EMIT_LOC_STRINGS = YES;
				SWIFT_VERSION = 5.0;
				TARGETED_DEVICE_FAMILY = "1,2";
			};
			name = Debug;
		};
		C4F253AC2D8BB34A00C4366D /* Release */ = {
			isa = XCBuildConfiguration;
			buildSettings = {
				ASSETCATALOG_COMPILER_APPICON_NAME = AppIcon;
				ASSETCATALOG_COMPILER_GLOBAL_ACCENT_COLOR_NAME = AccentColor;
				CODE_SIGN_STYLE = Automatic;
				CURRENT_PROJECT_VERSION = 1;
				DEVELOPMENT_ASSET_PATHS = "\"GroceryTracka/Preview Content\"";
				ENABLE_PREVIEWS = YES;
				GENERATE_INFOPLIST_FILE = YES;
				INFOPLIST_KEY_UIApplicationSceneManifest_Generation = YES;
				INFOPLIST_KEY_UIApplicationSupportsIndirectInputEvents = YES;
				INFOPLIST_KEY_UILaunchScreen_Generation = YES;
				INFOPLIST_KEY_UISupportedInterfaceOrientations_iPad = "UIInterfaceOrientationPortrait UIInterfaceOrientationPortraitUpsideDown UIInterfaceOrientationLandscapeLeft UIInterfaceOrientationLandscapeRight";
				INFOPLIST_KEY_UISupportedInterfaceOrientations_iPhone = "UIInterfaceOrientationPortrait UIInterfaceOrientationLandscapeLeft UIInterfaceOrientationLandscapeRight";
				LD_RUNPATH_SEARCH_PATHS = (
					"$(inherited)",
					"@executable_path/Frameworks",
				);
				MARKETING_VERSION = 1.0;
				PRODUCT_BUNDLE_IDENTIFIER = GroceryTracka.GroceryTracka;
				PRODUCT_NAME = "$(TARGET_NAME)";
				SWIFT_EMIT_LOC_STRINGS = YES;
				SWIFT_VERSION = 5.0;
				TARGETED_DEVICE_FAMILY = "1,2";
			};
			name = Release;
		};
		C4F253AE2D8BB34A00C4366D /* Debug */ = {
			isa = XCBuildConfiguration;
			buildSettings = {
				BUNDLE_LOADER = "$(TEST_HOST)";
				CODE_SIGN_STYLE = Automatic;
				CURRENT_PROJECT_VERSION = 1;
				GENERATE_INFOPLIST_FILE = YES;
				IPHONEOS_DEPLOYMENT_TARGET = 18.2;
				MARKETING_VERSION = 1.0;
				PRODUCT_BUNDLE_IDENTIFIER = GroceryTracka.GroceryTrackaTests;
				PRODUCT_NAME = "$(TARGET_NAME)";
				SWIFT_EMIT_LOC_STRINGS = NO;
				SWIFT_VERSION = 5.0;
				TARGETED_DEVICE_FAMILY = "1,2";
				TEST_HOST = "$(BUILT_PRODUCTS_DIR)/GroceryTracka.app/$(BUNDLE_EXECUTABLE_FOLDER_PATH)/GroceryTracka";
			};
			name = Debug;
		};
		C4F253AF2D8BB34A00C4366D /* Release */ = {
			isa = XCBuildConfiguration;
			buildSettings = {
				BUNDLE_LOADER = "$(TEST_HOST)";
				CODE_SIGN_STYLE = Automatic;
				CURRENT_PROJECT_VERSION = 1;
				GENERATE_INFOPLIST_FILE = YES;
				IPHONEOS_DEPLOYMENT_TARGET = 18.2;
				MARKETING_VERSION = 1.0;
				PRODUCT_BUNDLE_IDENTIFIER = GroceryTracka.GroceryTrackaTests;
				PRODUCT_NAME = "$(TARGET_NAME)";
				SWIFT_EMIT_LOC_STRINGS = NO;
				SWIFT_VERSION = 5.0;
				TARGETED_DEVICE_FAMILY = "1,2";
				TEST_HOST = "$(BUILT_PRODUCTS_DIR)/GroceryTracka.app/$(BUNDLE_EXECUTABLE_FOLDER_PATH)/GroceryTracka";
			};
			name = Release;
		};
		C4F253B12D8BB34A00C4366D /* Debug */ = {
			isa = XCBuildConfiguration;
			buildSettings = {
				CODE_SIGN_STYLE = Automatic;
				CURRENT_PROJECT_VERSION = 1;
				GENERATE_INFOPLIST_FILE = YES;
				MARKETING_VERSION = 1.0;
				PRODUCT_BUNDLE_IDENTIFIER = GroceryTracka.GroceryTrackaUITests;
				PRODUCT_NAME = "$(TARGET_NAME)";
				SWIFT_EMIT_LOC_STRINGS = NO;
				SWIFT_VERSION = 5.0;
				TARGETED_DEVICE_FAMILY = "1,2";
				TEST_TARGET_NAME = GroceryTracka;
			};
			name = Debug;
		};
		C4F253B22D8BB34A00C4366D /* Release */ = {
			isa = XCBuildConfiguration;
			buildSettings = {
				CODE_SIGN_STYLE = Automatic;
				CURRENT_PROJECT_VERSION = 1;
				GENERATE_INFOPLIST_FILE = YES;
				MARKETING_VERSION = 1.0;
				PRODUCT_BUNDLE_IDENTIFIER = GroceryTracka.GroceryTrackaUITests;
				PRODUCT_NAME = "$(TARGET_NAME)";
				SWIFT_EMIT_LOC_STRINGS = NO;
				SWIFT_VERSION = 5.0;
				TARGETED_DEVICE_FAMILY = "1,2";
				TEST_TARGET_NAME = GroceryTracka;
			};
			name = Release;
		};
/* End XCBuildConfiguration section */

/* Begin XCConfigurationList section */
		C4F2537C2D8BB34500C4366D /* Build configuration list for PBXProject "GroceryTracka" */ = {
			isa = XCConfigurationList;
			buildConfigurations = (
				C4F253A82D8BB34A00C4366D /* Debug */,
				C4F253A92D8BB34A00C4366D /* Release */,
			);
			defaultConfigurationIsVisible = 0;
			defaultConfigurationName = Release;
		};
		C4F253AA2D8BB34A00C4366D /* Build configuration list for PBXNativeTarget "GroceryTracka" */ = {
			isa = XCConfigurationList;
			buildConfigurations = (
				C4F253AB2D8BB34A00C4366D /* Debug */,
				C4F253AC2D8BB34A00C4366D /* Release */,
			);
			defaultConfigurationIsVisible = 0;
			defaultConfigurationName = Release;
		};
		C4F253AD2D8BB34A00C4366D /* Build configuration list for PBXNativeTarget "GroceryTrackaTests" */ = {
			isa = XCConfigurationList;
			buildConfigurations = (
				C4F253AE2D8BB34A00C4366D /* Debug */,
				C4F253AF2D8BB34A00C4366D /* Release */,
			);
			defaultConfigurationIsVisible = 0;
			defaultConfigurationName = Release;
		};
		C4F253B02D8BB34A00C4366D /* Build configuration list for PBXNativeTarget "GroceryTrackaUITests" */ = {
			isa = XCConfigurationList;
			buildConfigurations = (
				C4F253B12D8BB34A00C4366D /* Debug */,
				C4F253B22D8BB34A00C4366D /* Release */,
			);
			defaultConfigurationIsVisible = 0;
			defaultConfigurationName = Release;
		};
/* End XCConfigurationList section */
	};
	rootObject = C4F253792D8BB34500C4366D /* Project object */;
}
